
Microsoft Visual Studio Solution File, Format Version 12.00
# Visual Studio Version 17
VisualStudioVersion = 17.10.35122.118
MinimumVisualStudioVersion = 10.0.40219.1
Project("{FAE04EC0-301F-11D3-BF4B-00C04F79EFBC}") = "Cached Repository", "Cached Repository\Cached Repository.csproj", "{254276FE-5E84-4BE5-86BE-A8656C0B5EED}"
EndProject
Global
	GlobalSection(SolutionConfigurationPlatforms) = preSolution
		Debug|Any CPU = Debug|Any CPU
		Release|Any CPU = Release|Any CPU
	EndGlobalSection
	GlobalSection(ProjectConfigurationPlatforms) = postSolution
		{254276FE-5E84-4BE5-86BE-A8656C0B5EED}.Debug|Any CPU.ActiveCfg = Debug|Any CPU
		{254276FE-5E84-4BE5-86BE-A8656C0B5EED}.Debug|Any CPU.Build.0 = Debug|Any CPU
		{254276FE-5E84-4BE5-86BE-A8656C0B5EED}.Release|Any CPU.ActiveCfg = Release|Any CPU
		{254276FE-5E84-4BE5-86BE-A8656C0B5EED}.Release|Any CPU.Build.0 = Release|Any CPU
	EndGlobalSection
	GlobalSection(SolutionProperties) = preSolution
		HideSolutionNode = FALSE
	EndGlobalSection
	GlobalSection(ExtensibilityGlobals) = postSolution
		SolutionGuid = {14C632C3-8A1F-4804-BE2E-CB9C32373413}
	EndGlobalSection
EndGlobal
